
Microsoft Visual Studio Solution File, Format Version 12.00
# Visual Studio Version 17
VisualStudioVersion = 17.1.32421.90
MinimumVisualStudioVersion = 10.0.40219.1
Project("{FAE04EC0-301F-11D3-BF4B-00C04F79EFBC}") = "ApiTarefas", "ApiTarefas\ApiTarefas.csproj", "{2D687E0F-3C1D-4FF0-A298-4F5B11617C84}"
EndProject
Global
	GlobalSection(SolutionConfigurationPlatforms) = preSolution
		Debug|Any CPU = Debug|Any CPU
		Release|Any CPU = Release|Any CPU
	EndGlobalSection
	GlobalSection(ProjectConfigurationPlatforms) = postSolution
		{2D687E0F-3C1D-4FF0-A298-4F5B11617C84}.Debug|Any CPU.ActiveCfg = Debug|Any CPU
		{2D687E0F-3C1D-4FF0-A298-4F5B11617C84}.Debug|Any CPU.Build.0 = Debug|Any CPU
		{2D687E0F-3C1D-4FF0-A298-4F5B11617C84}.Release|Any CPU.ActiveCfg = Release|Any CPU
		{2D687E0F-3C1D-4FF0-A298-4F5B11617C84}.Release|Any CPU.Build.0 = Release|Any CPU
	EndGlobalSection
	GlobalSection(SolutionProperties) = preSolution
		HideSolutionNode = FALSE
	EndGlobalSection
	GlobalSection(ExtensibilityGlobals) = postSolution
		SolutionGuid = {FDC523F6-4263-4208-A046-0064CF4B73C8}
	EndGlobalSection
EndGlobal
